
Microsoft Visual Studio Solution File, Format Version 12.00
# Visual Studio Version 17
VisualStudioVersion = 17.6.33723.286
MinimumVisualStudioVersion = 10.0.40219.1
Project("{8BC9CEB8-8B4A-11D0-8D11-00A0C91BC942}") = "Contains Duplicate", "Contains Duplicate\Contains Duplicate.vcxproj", "{AE230AD1-EA12-4930-A32A-1A2EDDA9E0E3}"
EndProject
Project("{8BC9CEB8-8B4A-11D0-8D11-00A0C91BC942}") = "Valid Anagram", "Valid Anagram\Valid Anagram.vcxproj", "{EF04D3E3-8D0F-48FD-8BF2-C82524F2473E}"
EndProject
Project("{8BC9CEB8-8B4A-11D0-8D11-00A0C91BC942}") = "Group Anagrams", "Group Anagrams\Group Anagrams.vcxproj", "{2C42F0AB-A5FB-473F-B542-90A7D0320F31}"
EndProject
Project("{8BC9CEB8-8B4A-11D0-8D11-00A0C91BC942}") = "Top K Frequent Elements", "Top K Frequent Elements\Top K Frequent Elements.vcxproj", "{7E778968-FF09-476E-BB25-6C9812D740D4}"
EndProject
Project("{8BC9CEB8-8B4A-11D0-8D11-00A0C91BC942}") = "Product of Array Except Self", "Product of Array Except Self\Product of Array Except Self.vcxproj", "{FC7FA34E-40A6-443E-BF45-52E99DA48F40}"
EndProject
Project("{8BC9CEB8-8B4A-11D0-8D11-00A0C91BC942}") = "Valid Sudoku", "Valid Sudoku\Valid Sudoku.vcxproj", "{FD5BD7F2-117A-48C8-AB33-94B51FE1CD15}"
EndProject
Project("{8BC9CEB8-8B4A-11D0-8D11-00A0C91BC942}") = "Longest Consecutive Sequence", "Longest Consecutive Sequence\Longest Consecutive Sequence.vcxproj", "{529A67D5-BACE-4FE9-80A8-2AEB4F8A681B}"
EndProject
Project("{8BC9CEB8-8B4A-11D0-8D11-00A0C91BC942}") = "Valid Palindrome", "Valid Palindrome\Valid Palindrome.vcxproj", "{DCFFDEFD-36C4-46E2-9F31-2B1AACF1F2EA}"
EndProject
Project("{8BC9CEB8-8B4A-11D0-8D11-00A0C91BC942}") = "Two Sum II - Input Array Is Sorted", "Two Sum II - Input Array Is Sorted\Two Sum II - Input Array Is Sorted.vcxproj", "{B54A3C95-0E89-4D60-96CE-DD211FD229E8}"
EndProject
Project("{8BC9CEB8-8B4A-11D0-8D11-00A0C91BC942}") = "3Sum", "3Sum\3Sum.vcxproj", "{2C979F9E-1A48-412F-8E10-3728194C999B}"
EndProject
Project("{8BC9CEB8-8B4A-11D0-8D11-00A0C91BC942}") = "Container With Most Water", "Container With Most Water\Container With Most Water.vcxproj", "{5073E932-1FFF-41C7-B5ED-AFB3FE8E60D8}"
EndProject
Project("{8BC9CEB8-8B4A-11D0-8D11-00A0C91BC942}") = "Trapping Rain Water", "Trapping Rain Water\Trapping Rain Water.vcxproj", "{D803C67B-9318-44D7-8CC4-1FE3B3D6A0AF}"
EndProject
Project("{8BC9CEB8-8B4A-11D0-8D11-00A0C91BC942}") = "Valid Parentheses", "Valid Parentheses\Valid Parentheses.vcxproj", "{431AB100-F2FA-4606-B5C6-646F2EA4C3CC}"
EndProject
Project("{8BC9CEB8-8B4A-11D0-8D11-00A0C91BC942}") = "Min Stack", "Min Stack\Min Stack.vcxproj", "{D3109033-9337-424A-AACF-0CADAD9A60A9}"
EndProject
Project("{8BC9CEB8-8B4A-11D0-8D11-00A0C91BC942}") = "Evaluate Reverse Polish Notation", "Evaluate Reverse Polish Notation\Evaluate Reverse Polish Notation.vcxproj", "{25DB7881-557D-45A4-96A3-79B444503BBB}"
EndProject
Project("{8BC9CEB8-8B4A-11D0-8D11-00A0C91BC942}") = "Generate Parentheses", "Generate Parentheses\Generate Parentheses.vcxproj", "{18C22474-96E1-4993-8067-C9006FBF9029}"
EndProject
Project("{8BC9CEB8-8B4A-11D0-8D11-00A0C91BC942}") = "Daily Temperatures", "Daily Temperatures\Daily Temperatures.vcxproj", "{F080AB61-55DD-4C2B-8F2F-351A161963F1}"
EndProject
Project("{8BC9CEB8-8B4A-11D0-8D11-00A0C91BC942}") = "Car Fleet", "Car Fleet\Car Fleet.vcxproj", "{513FC840-C4E7-4C51-9893-846CD74210DC}"
EndProject
Project("{8BC9CEB8-8B4A-11D0-8D11-00A0C91BC942}") = "Largest Rectangle in Histogram", "Largest Rectangle in Histogram\Largest Rectangle in Histogram.vcxproj", "{EEB3AF2F-4E20-435A-9CD0-DC89D775969F}"
EndProject
Project("{8BC9CEB8-8B4A-11D0-8D11-00A0C91BC942}") = "Binary Search", "Binary Search\Binary Search.vcxproj", "{DAD16DA2-28E6-49DE-841D-BDB5BED4D30E}"
EndProject
Project("{8BC9CEB8-8B4A-11D0-8D11-00A0C91BC942}") = "Search a 2D Matrix", "Search a 2D Matrix\Search a 2D Matrix.vcxproj", "{54A55B19-5307-4426-8953-8D63AB4DE96D}"
EndProject
Project("{8BC9CEB8-8B4A-11D0-8D11-00A0C91BC942}") = "Koko Eating Bananas", "Koko Eating Bananas\Koko Eating Bananas.vcxproj", "{3378F2BD-E0E8-4E7E-9F70-30DB24155A23}"
EndProject
Project("{8BC9CEB8-8B4A-11D0-8D11-00A0C91BC942}") = "Find Minimum in Rotated Sorted Array", "Find Minimum in Rotated Sorted Array\Find Minimum in Rotated Sorted Array.vcxproj", "{87073733-C1D4-4A08-9E75-C513655DE3AC}"
EndProject
Project("{8BC9CEB8-8B4A-11D0-8D11-00A0C91BC942}") = "Search in Rotated Sorted Array", "Search in Rotated Sorted Array\Search in Rotated Sorted Array.vcxproj", "{23FB4B86-803E-4158-B36F-BD0D658F909C}"
EndProject
Project("{8BC9CEB8-8B4A-11D0-8D11-00A0C91BC942}") = "Time Based Key-Value Store", "Time Based Key-Value Store\Time Based Key-Value Store.vcxproj", "{D7D02781-5D10-4B20-AF57-09EEB0704341}"
EndProject
Global
	GlobalSection(SolutionConfigurationPlatforms) = preSolution
		Debug|x64 = Debug|x64
		Debug|x86 = Debug|x86
		Release|x64 = Release|x64
		Release|x86 = Release|x86
	EndGlobalSection
	GlobalSection(ProjectConfigurationPlatforms) = postSolution
		{AE230AD1-EA12-4930-A32A-1A2EDDA9E0E3}.Debug|x64.ActiveCfg = Debug|x64
		{AE230AD1-EA12-4930-A32A-1A2EDDA9E0E3}.Debug|x64.Build.0 = Debug|x64
		{AE230AD1-EA12-4930-A32A-1A2EDDA9E0E3}.Debug|x86.ActiveCfg = Debug|Win32
		{AE230AD1-EA12-4930-A32A-1A2EDDA9E0E3}.Debug|x86.Build.0 = Debug|Win32
		{AE230AD1-EA12-4930-A32A-1A2EDDA9E0E3}.Release|x64.ActiveCfg = Release|x64
		{AE230AD1-EA12-4930-A32A-1A2EDDA9E0E3}.Release|x64.Build.0 = Release|x64
		{AE230AD1-EA12-4930-A32A-1A2EDDA9E0E3}.Release|x86.ActiveCfg = Release|Win32
		{AE230AD1-EA12-4930-A32A-1A2EDDA9E0E3}.Release|x86.Build.0 = Release|Win32
		{EF04D3E3-8D0F-48FD-8BF2-C82524F2473E}.Debug|x64.ActiveCfg = Debug|x64
		{EF04D3E3-8D0F-48FD-8BF2-C82524F2473E}.Debug|x64.Build.0 = Debug|x64
		{EF04D3E3-8D0F-48FD-8BF2-C82524F2473E}.Debug|x86.ActiveCfg = Debug|Win32
		{EF04D3E3-8D0F-48FD-8BF2-C82524F2473E}.Debug|x86.Build.0 = Debug|Win32
		{EF04D3E3-8D0F-48FD-8BF2-C82524F2473E}.Release|x64.ActiveCfg = Release|x64
		{EF04D3E3-8D0F-48FD-8BF2-C82524F2473E}.Release|x64.Build.0 = Release|x64
		{EF04D3E3-8D0F-48FD-8BF2-C82524F2473E}.Release|x86.ActiveCfg = Release|Win32
		{EF04D3E3-8D0F-48FD-8BF2-C82524F2473E}.Release|x86.Build.0 = Release|Win32
		{2C42F0AB-A5FB-473F-B542-90A7D0320F31}.Debug|x64.ActiveCfg = Debug|x64
		{2C42F0AB-A5FB-473F-B542-90A7D0320F31}.Debug|x64.Build.0 = Debug|x64
		{2C42F0AB-A5FB-473F-B542-90A7D0320F31}.Debug|x86.ActiveCfg = Debug|Win32
		{2C42F0AB-A5FB-473F-B542-90A7D0320F31}.Debug|x86.Build.0 = Debug|Win32
		{2C42F0AB-A5FB-473F-B542-90A7D0320F31}.Release|x64.ActiveCfg = Release|x64
		{2C42F0AB-A5FB-473F-B542-90A7D0320F31}.Release|x64.Build.0 = Release|x64
		{2C42F0AB-A5FB-473F-B542-90A7D0320F31}.Release|x86.ActiveCfg = Release|Win32
		{2C42F0AB-A5FB-473F-B542-90A7D0320F31}.Release|x86.Build.0 = Release|Win32
		{7E778968-FF09-476E-BB25-6C9812D740D4}.Debug|x64.ActiveCfg = Debug|x64
		{7E778968-FF09-476E-BB25-6C9812D740D4}.Debug|x64.Build.0 = Debug|x64
		{7E778968-FF09-476E-BB25-6C9812D740D4}.Debug|x86.ActiveCfg = Debug|Win32
		{7E778968-FF09-476E-BB25-6C9812D740D4}.Debug|x86.Build.0 = Debug|Win32
		{7E778968-FF09-476E-BB25-6C9812D740D4}.Release|x64.ActiveCfg = Release|x64
		{7E778968-FF09-476E-BB25-6C9812D740D4}.Release|x64.Build.0 = Release|x64
		{7E778968-FF09-476E-BB25-6C9812D740D4}.Release|x86.ActiveCfg = Release|Win32
		{7E778968-FF09-476E-BB25-6C9812D740D4}.Release|x86.Build.0 = Release|Win32
		{FC7FA34E-40A6-443E-BF45-52E99DA48F40}.Debug|x64.ActiveCfg = Debug|x64
		{FC7FA34E-40A6-443E-BF45-52E99DA48F40}.Debug|x64.Build.0 = Debug|x64
		{FC7FA34E-40A6-443E-BF45-52E99DA48F40}.Debug|x86.ActiveCfg = Debug|Win32
		{FC7FA34E-40A6-443E-BF45-52E99DA48F40}.Debug|x86.Build.0 = Debug|Win32
		{FC7FA34E-40A6-443E-BF45-52E99DA48F40}.Release|x64.ActiveCfg = Release|x64
		{FC7FA34E-40A6-443E-BF45-52E99DA48F40}.Release|x64.Build.0 = Release|x64
		{FC7FA34E-40A6-443E-BF45-52E99DA48F40}.Release|x86.ActiveCfg = Release|Win32
		{FC7FA34E-40A6-443E-BF45-52E99DA48F40}.Release|x86.Build.0 = Release|Win32
		{FD5BD7F2-117A-48C8-AB33-94B51FE1CD15}.Debug|x64.ActiveCfg = Debug|x64
		{FD5BD7F2-117A-48C8-AB33-94B51FE1CD15}.Debug|x64.Build.0 = Debug|x64
		{FD5BD7F2-117A-48C8-AB33-94B51FE1CD15}.Debug|x86.ActiveCfg = Debug|Win32
		{FD5BD7F2-117A-48C8-AB33-94B51FE1CD15}.Debug|x86.Build.0 = Debug|Win32
		{FD5BD7F2-117A-48C8-AB33-94B51FE1CD15}.Release|x64.ActiveCfg = Release|x64
		{FD5BD7F2-117A-48C8-AB33-94B51FE1CD15}.Release|x64.Build.0 = Release|x64
		{FD5BD7F2-117A-48C8-AB33-94B51FE1CD15}.Release|x86.ActiveCfg = Release|Win32
		{FD5BD7F2-117A-48C8-AB33-94B51FE1CD15}.Release|x86.Build.0 = Release|Win32
		{529A67D5-BACE-4FE9-80A8-2AEB4F8A681B}.Debug|x64.ActiveCfg = Debug|x64
		{529A67D5-BACE-4FE9-80A8-2AEB4F8A681B}.Debug|x64.Build.0 = Debug|x64
		{529A67D5-BACE-4FE9-80A8-2AEB4F8A681B}.Debug|x86.ActiveCfg = Debug|Win32
		{529A67D5-BACE-4FE9-80A8-2AEB4F8A681B}.Debug|x86.Build.0 = Debug|Win32
		{529A67D5-BACE-4FE9-80A8-2AEB4F8A681B}.Release|x64.ActiveCfg = Release|x64
		{529A67D5-BACE-4FE9-80A8-2AEB4F8A681B}.Release|x64.Build.0 = Release|x64
		{529A67D5-BACE-4FE9-80A8-2AEB4F8A681B}.Release|x86.ActiveCfg = Release|Win32
		{529A67D5-BACE-4FE9-80A8-2AEB4F8A681B}.Release|x86.Build.0 = Release|Win32
		{DCFFDEFD-36C4-46E2-9F31-2B1AACF1F2EA}.Debug|x64.ActiveCfg = Debug|x64
		{DCFFDEFD-36C4-46E2-9F31-2B1AACF1F2EA}.Debug|x64.Build.0 = Debug|x64
		{DCFFDEFD-36C4-46E2-9F31-2B1AACF1F2EA}.Debug|x86.ActiveCfg = Debug|Win32
		{DCFFDEFD-36C4-46E2-9F31-2B1AACF1F2EA}.Debug|x86.Build.0 = Debug|Win32
		{DCFFDEFD-36C4-46E2-9F31-2B1AACF1F2EA}.Release|x64.ActiveCfg = Release|x64
		{DCFFDEFD-36C4-46E2-9F31-2B1AACF1F2EA}.Release|x64.Build.0 = Release|x64
		{DCFFDEFD-36C4-46E2-9F31-2B1AACF1F2EA}.Release|x86.ActiveCfg = Release|Win32
		{DCFFDEFD-36C4-46E2-9F31-2B1AACF1F2EA}.Release|x86.Build.0 = Release|Win32
		{B54A3C95-0E89-4D60-96CE-DD211FD229E8}.Debug|x64.ActiveCfg = Debug|x64
		{B54A3C95-0E89-4D60-96CE-DD211FD229E8}.Debug|x64.Build.0 = Debug|x64
		{B54A3C95-0E89-4D60-96CE-DD211FD229E8}.Debug|x86.ActiveCfg = Debug|Win32
		{B54A3C95-0E89-4D60-96CE-DD211FD229E8}.Debug|x86.Build.0 = Debug|Win32
		{B54A3C95-0E89-4D60-96CE-DD211FD229E8}.Release|x64.ActiveCfg = Release|x64
		{B54A3C95-0E89-4D60-96CE-DD211FD229E8}.Release|x64.Build.0 = Release|x64
		{B54A3C95-0E89-4D60-96CE-DD211FD229E8}.Release|x86.ActiveCfg = Release|Win32
		{B54A3C95-0E89-4D60-96CE-DD211FD229E8}.Release|x86.Build.0 = Release|Win32
		{2C979F9E-1A48-412F-8E10-3728194C999B}.Debug|x64.ActiveCfg = Debug|x64
		{2C979F9E-1A48-412F-8E10-3728194C999B}.Debug|x64.Build.0 = Debug|x64
		{2C979F9E-1A48-412F-8E10-3728194C999B}.Debug|x86.ActiveCfg = Debug|Win32
		{2C979F9E-1A48-412F-8E10-3728194C999B}.Debug|x86.Build.0 = Debug|Win32
		{2C979F9E-1A48-412F-8E10-3728194C999B}.Release|x64.ActiveCfg = Release|x64
		{2C979F9E-1A48-412F-8E10-3728194C999B}.Release|x64.Build.0 = Release|x64
		{2C979F9E-1A48-412F-8E10-3728194C999B}.Release|x86.ActiveCfg = Release|Win32
		{2C979F9E-1A48-412F-8E10-3728194C999B}.Release|x86.Build.0 = Release|Win32
		{5073E932-1FFF-41C7-B5ED-AFB3FE8E60D8}.Debug|x64.ActiveCfg = Debug|x64
		{5073E932-1FFF-41C7-B5ED-AFB3FE8E60D8}.Debug|x64.Build.0 = Debug|x64
		{5073E932-1FFF-41C7-B5ED-AFB3FE8E60D8}.Debug|x86.ActiveCfg = Debug|Win32
		{5073E932-1FFF-41C7-B5ED-AFB3FE8E60D8}.Debug|x86.Build.0 = Debug|Win32
		{5073E932-1FFF-41C7-B5ED-AFB3FE8E60D8}.Release|x64.ActiveCfg = Release|x64
		{5073E932-1FFF-41C7-B5ED-AFB3FE8E60D8}.Release|x64.Build.0 = Release|x64
		{5073E932-1FFF-41C7-B5ED-AFB3FE8E60D8}.Release|x86.ActiveCfg = Release|Win32
		{5073E932-1FFF-41C7-B5ED-AFB3FE8E60D8}.Release|x86.Build.0 = Release|Win32
		{D803C67B-9318-44D7-8CC4-1FE3B3D6A0AF}.Debug|x64.ActiveCfg = Debug|x64
		{D803C67B-9318-44D7-8CC4-1FE3B3D6A0AF}.Debug|x64.Build.0 = Debug|x64
		{D803C67B-9318-44D7-8CC4-1FE3B3D6A0AF}.Debug|x86.ActiveCfg = Debug|Win32
		{D803C67B-9318-44D7-8CC4-1FE3B3D6A0AF}.Debug|x86.Build.0 = Debug|Win32
		{D803C67B-9318-44D7-8CC4-1FE3B3D6A0AF}.Release|x64.ActiveCfg = Release|x64
		{D803C67B-9318-44D7-8CC4-1FE3B3D6A0AF}.Release|x64.Build.0 = Release|x64
		{D803C67B-9318-44D7-8CC4-1FE3B3D6A0AF}.Release|x86.ActiveCfg = Release|Win32
		{D803C67B-9318-44D7-8CC4-1FE3B3D6A0AF}.Release|x86.Build.0 = Release|Win32
		{431AB100-F2FA-4606-B5C6-646F2EA4C3CC}.Debug|x64.ActiveCfg = Debug|x64
		{431AB100-F2FA-4606-B5C6-646F2EA4C3CC}.Debug|x64.Build.0 = Debug|x64
		{431AB100-F2FA-4606-B5C6-646F2EA4C3CC}.Debug|x86.ActiveCfg = Debug|Win32
		{431AB100-F2FA-4606-B5C6-646F2EA4C3CC}.Debug|x86.Build.0 = Debug|Win32
		{431AB100-F2FA-4606-B5C6-646F2EA4C3CC}.Release|x64.ActiveCfg = Release|x64
		{431AB100-F2FA-4606-B5C6-646F2EA4C3CC}.Release|x64.Build.0 = Release|x64
		{431AB100-F2FA-4606-B5C6-646F2EA4C3CC}.Release|x86.ActiveCfg = Release|Win32
		{431AB100-F2FA-4606-B5C6-646F2EA4C3CC}.Release|x86.Build.0 = Release|Win32
		{D3109033-9337-424A-AACF-0CADAD9A60A9}.Debug|x64.ActiveCfg = Debug|x64
		{D3109033-9337-424A-AACF-0CADAD9A60A9}.Debug|x64.Build.0 = Debug|x64
		{D3109033-9337-424A-AACF-0CADAD9A60A9}.Debug|x86.ActiveCfg = Debug|Win32
		{D3109033-9337-424A-AACF-0CADAD9A60A9}.Debug|x86.Build.0 = Debug|Win32
		{D3109033-9337-424A-AACF-0CADAD9A60A9}.Release|x64.ActiveCfg = Release|x64
		{D3109033-9337-424A-AACF-0CADAD9A60A9}.Release|x64.Build.0 = Release|x64
		{D3109033-9337-424A-AACF-0CADAD9A60A9}.Release|x86.ActiveCfg = Release|Win32
		{D3109033-9337-424A-AACF-0CADAD9A60A9}.Release|x86.Build.0 = Release|Win32
		{25DB7881-557D-45A4-96A3-79B444503BBB}.Debug|x64.ActiveCfg = Debug|x64
		{25DB7881-557D-45A4-96A3-79B444503BBB}.Debug|x64.Build.0 = Debug|x64
		{25DB7881-557D-45A4-96A3-79B444503BBB}.Debug|x86.ActiveCfg = Debug|Win32
		{25DB7881-557D-45A4-96A3-79B444503BBB}.Debug|x86.Build.0 = Debug|Win32
		{25DB7881-557D-45A4-96A3-79B444503BBB}.Release|x64.ActiveCfg = Release|x64
		{25DB7881-557D-45A4-96A3-79B444503BBB}.Release|x64.Build.0 = Release|x64
		{25DB7881-557D-45A4-96A3-79B444503BBB}.Release|x86.ActiveCfg = Release|Win32
		{25DB7881-557D-45A4-96A3-79B444503BBB}.Release|x86.Build.0 = Release|Win32
		{18C22474-96E1-4993-8067-C9006FBF9029}.Debug|x64.ActiveCfg = Debug|x64
		{18C22474-96E1-4993-8067-C9006FBF9029}.Debug|x64.Build.0 = Debug|x64
		{18C22474-96E1-4993-8067-C9006FBF9029}.Debug|x86.ActiveCfg = Debug|Win32
		{18C22474-96E1-4993-8067-C9006FBF9029}.Debug|x86.Build.0 = Debug|Win32
		{18C22474-96E1-4993-8067-C9006FBF9029}.Release|x64.ActiveCfg = Release|x64
		{18C22474-96E1-4993-8067-C9006FBF9029}.Release|x64.Build.0 = Release|x64
		{18C22474-96E1-4993-8067-C9006FBF9029}.Release|x86.ActiveCfg = Release|Win32
		{18C22474-96E1-4993-8067-C9006FBF9029}.Release|x86.Build.0 = Release|Win32
		{F080AB61-55DD-4C2B-8F2F-351A161963F1}.Debug|x64.ActiveCfg = Debug|x64
		{F080AB61-55DD-4C2B-8F2F-351A161963F1}.Debug|x64.Build.0 = Debug|x64
		{F080AB61-55DD-4C2B-8F2F-351A161963F1}.Debug|x86.ActiveCfg = Debug|Win32
		{F080AB61-55DD-4C2B-8F2F-351A161963F1}.Debug|x86.Build.0 = Debug|Win32
		{F080AB61-55DD-4C2B-8F2F-351A161963F1}.Release|x64.ActiveCfg = Release|x64
		{F080AB61-55DD-4C2B-8F2F-351A161963F1}.Release|x64.Build.0 = Release|x64
		{F080AB61-55DD-4C2B-8F2F-351A161963F1}.Release|x86.ActiveCfg = Release|Win32
		{F080AB61-55DD-4C2B-8F2F-351A161963F1}.Release|x86.Build.0 = Release|Win32
		{513FC840-C4E7-4C51-9893-846CD74210DC}.Debug|x64.ActiveCfg = Debug|x64
		{513FC840-C4E7-4C51-9893-846CD74210DC}.Debug|x64.Build.0 = Debug|x64
		{513FC840-C4E7-4C51-9893-846CD74210DC}.Debug|x86.ActiveCfg = Debug|Win32
		{513FC840-C4E7-4C51-9893-846CD74210DC}.Debug|x86.Build.0 = Debug|Win32
		{513FC840-C4E7-4C51-9893-846CD74210DC}.Release|x64.ActiveCfg = Release|x64
		{513FC840-C4E7-4C51-9893-846CD74210DC}.Release|x64.Build.0 = Release|x64
		{513FC840-C4E7-4C51-9893-846CD74210DC}.Release|x86.ActiveCfg = Release|Win32
		{513FC840-C4E7-4C51-9893-846CD74210DC}.Release|x86.Build.0 = Release|Win32
		{EEB3AF2F-4E20-435A-9CD0-DC89D775969F}.Debug|x64.ActiveCfg = Debug|x64
		{EEB3AF2F-4E20-435A-9CD0-DC89D775969F}.Debug|x64.Build.0 = Debug|x64
		{EEB3AF2F-4E20-435A-9CD0-DC89D775969F}.Debug|x86.ActiveCfg = Debug|Win32
		{EEB3AF2F-4E20-435A-9CD0-DC89D775969F}.Debug|x86.Build.0 = Debug|Win32
		{EEB3AF2F-4E20-435A-9CD0-DC89D775969F}.Release|x64.ActiveCfg = Release|x64
		{EEB3AF2F-4E20-435A-9CD0-DC89D775969F}.Release|x64.Build.0 = Release|x64
		{EEB3AF2F-4E20-435A-9CD0-DC89D775969F}.Release|x86.ActiveCfg = Release|Win32
		{EEB3AF2F-4E20-435A-9CD0-DC89D775969F}.Release|x86.Build.0 = Release|Win32
		{DAD16DA2-28E6-49DE-841D-BDB5BED4D30E}.Debug|x64.ActiveCfg = Debug|x64
		{DAD16DA2-28E6-49DE-841D-BDB5BED4D30E}.Debug|x64.Build.0 = Debug|x64
		{DAD16DA2-28E6-49DE-841D-BDB5BED4D30E}.Debug|x86.ActiveCfg = Debug|Win32
		{DAD16DA2-28E6-49DE-841D-BDB5BED4D30E}.Debug|x86.Build.0 = Debug|Win32
		{DAD16DA2-28E6-49DE-841D-BDB5BED4D30E}.Release|x64.ActiveCfg = Release|x64
		{DAD16DA2-28E6-49DE-841D-BDB5BED4D30E}.Release|x64.Build.0 = Release|x64
		{DAD16DA2-28E6-49DE-841D-BDB5BED4D30E}.Release|x86.ActiveCfg = Release|Win32
		{DAD16DA2-28E6-49DE-841D-BDB5BED4D30E}.Release|x86.Build.0 = Release|Win32
		{54A55B19-5307-4426-8953-8D63AB4DE96D}.Debug|x64.ActiveCfg = Debug|x64
		{54A55B19-5307-4426-8953-8D63AB4DE96D}.Debug|x64.Build.0 = Debug|x64
		{54A55B19-5307-4426-8953-8D63AB4DE96D}.Debug|x86.ActiveCfg = Debug|Win32
		{54A55B19-5307-4426-8953-8D63AB4DE96D}.Debug|x86.Build.0 = Debug|Win32
		{54A55B19-5307-4426-8953-8D63AB4DE96D}.Release|x64.ActiveCfg = Release|x64
		{54A55B19-5307-4426-8953-8D63AB4DE96D}.Release|x64.Build.0 = Release|x64
		{54A55B19-5307-4426-8953-8D63AB4DE96D}.Release|x86.ActiveCfg = Release|Win32
		{54A55B19-5307-4426-8953-8D63AB4DE96D}.Release|x86.Build.0 = Release|Win32
		{3378F2BD-E0E8-4E7E-9F70-30DB24155A23}.Debug|x64.ActiveCfg = Debug|x64
		{3378F2BD-E0E8-4E7E-9F70-30DB24155A23}.Debug|x64.Build.0 = Debug|x64
		{3378F2BD-E0E8-4E7E-9F70-30DB24155A23}.Debug|x86.ActiveCfg = Debug|Win32
		{3378F2BD-E0E8-4E7E-9F70-30DB24155A23}.Debug|x86.Build.0 = Debug|Win32
		{3378F2BD-E0E8-4E7E-9F70-30DB24155A23}.Release|x64.ActiveCfg = Release|x64
		{3378F2BD-E0E8-4E7E-9F70-30DB24155A23}.Release|x64.Build.0 = Release|x64
		{3378F2BD-E0E8-4E7E-9F70-30DB24155A23}.Release|x86.ActiveCfg = Release|Win32
		{3378F2BD-E0E8-4E7E-9F70-30DB24155A23}.Release|x86.Build.0 = Release|Win32
		{87073733-C1D4-4A08-9E75-C513655DE3AC}.Debug|x64.ActiveCfg = Debug|x64
		{87073733-C1D4-4A08-9E75-C513655DE3AC}.Debug|x64.Build.0 = Debug|x64
		{87073733-C1D4-4A08-9E75-C513655DE3AC}.Debug|x86.ActiveCfg = Debug|Win32
		{87073733-C1D4-4A08-9E75-C513655DE3AC}.Debug|x86.Build.0 = Debug|Win32
		{87073733-C1D4-4A08-9E75-C513655DE3AC}.Release|x64.ActiveCfg = Release|x64
		{87073733-C1D4-4A08-9E75-C513655DE3AC}.Release|x64.Build.0 = Release|x64
		{87073733-C1D4-4A08-9E75-C513655DE3AC}.Release|x86.ActiveCfg = Release|Win32
		{87073733-C1D4-4A08-9E75-C513655DE3AC}.Release|x86.Build.0 = Release|Win32
		{23FB4B86-803E-4158-B36F-BD0D658F909C}.Debug|x64.ActiveCfg = Debug|x64
		{23FB4B86-803E-4158-B36F-BD0D658F909C}.Debug|x64.Build.0 = Debug|x64
		{23FB4B86-803E-4158-B36F-BD0D658F909C}.Debug|x86.ActiveCfg = Debug|Win32
		{23FB4B86-803E-4158-B36F-BD0D658F909C}.Debug|x86.Build.0 = Debug|Win32
		{23FB4B86-803E-4158-B36F-BD0D658F909C}.Release|x64.ActiveCfg = Release|x64
		{23FB4B86-803E-4158-B36F-BD0D658F909C}.Release|x64.Build.0 = Release|x64
		{23FB4B86-803E-4158-B36F-BD0D658F909C}.Release|x86.ActiveCfg = Release|Win32
		{23FB4B86-803E-4158-B36F-BD0D658F909C}.Release|x86.Build.0 = Release|Win32
		{D7D02781-5D10-4B20-AF57-09EEB0704341}.Debug|x64.ActiveCfg = Debug|x64
		{D7D02781-5D10-4B20-AF57-09EEB0704341}.Debug|x64.Build.0 = Debug|x64
		{D7D02781-5D10-4B20-AF57-09EEB0704341}.Debug|x86.ActiveCfg = Debug|Win32
		{D7D02781-5D10-4B20-AF57-09EEB0704341}.Debug|x86.Build.0 = Debug|Win32
		{D7D02781-5D10-4B20-AF57-09EEB0704341}.Release|x64.ActiveCfg = Release|x64
		{D7D02781-5D10-4B20-AF57-09EEB0704341}.Release|x64.Build.0 = Release|x64
		{D7D02781-5D10-4B20-AF57-09EEB0704341}.Release|x86.ActiveCfg = Release|Win32
		{D7D02781-5D10-4B20-AF57-09EEB0704341}.Release|x86.Build.0 = Release|Win32
	EndGlobalSection
	GlobalSection(SolutionProperties) = preSolution
		HideSolutionNode = FALSE
	EndGlobalSection
	GlobalSection(ExtensibilityGlobals) = postSolution
		SolutionGuid = {ED575778-4CFE-4F8E-B260-A31F073AC774}
	EndGlobalSection
EndGlobal
